
Microsoft Visual Studio Solution File, Format Version 12.00
# Visual Studio Version 16
VisualStudioVersion = 16.0.28803.156
MinimumVisualStudioVersion = 10.0.40219.1
Project("{FAE04EC0-301F-11D3-BF4B-00C04F79EFBC}") = "BenChain.Api", "BenChain.Api\BenChain.Api.csproj", "{36C0C76A-8024-4DF3-812D-0793DE52A1E9}"
EndProject
Project("{FAE04EC0-301F-11D3-BF4B-00C04F79EFBC}") = "BenChainClient.Api", "BenChainClient.Api\BenChainClient.Api.csproj", "{60F0A4FD-4877-472F-954D-FC74718D73D5}"
EndProject
Global
	GlobalSection(SolutionConfigurationPlatforms) = preSolution
		Debug|Any CPU = Debug|Any CPU
		Release|Any CPU = Release|Any CPU
	EndGlobalSection
	GlobalSection(ProjectConfigurationPlatforms) = postSolution
		{36C0C76A-8024-4DF3-812D-0793DE52A1E9}.Debug|Any CPU.ActiveCfg = Debug|Any CPU
		{36C0C76A-8024-4DF3-812D-0793DE52A1E9}.Debug|Any CPU.Build.0 = Debug|Any CPU
		{36C0C76A-8024-4DF3-812D-0793DE52A1E9}.Release|Any CPU.ActiveCfg = Release|Any CPU
		{36C0C76A-8024-4DF3-812D-0793DE52A1E9}.Release|Any CPU.Build.0 = Release|Any CPU
		{60F0A4FD-4877-472F-954D-FC74718D73D5}.Debug|Any CPU.ActiveCfg = Debug|Any CPU
		{60F0A4FD-4877-472F-954D-FC74718D73D5}.Debug|Any CPU.Build.0 = Debug|Any CPU
		{60F0A4FD-4877-472F-954D-FC74718D73D5}.Release|Any CPU.ActiveCfg = Release|Any CPU
		{60F0A4FD-4877-472F-954D-FC74718D73D5}.Release|Any CPU.Build.0 = Release|Any CPU
	EndGlobalSection
	GlobalSection(SolutionProperties) = preSolution
		HideSolutionNode = FALSE
	EndGlobalSection
	GlobalSection(ExtensibilityGlobals) = postSolution
		SolutionGuid = {0C014A75-FADE-482D-B11E-70C48F4CA604}
	EndGlobalSection
EndGlobal
